// !$*UTF8*$!
{
	archiveVersion = 1;
	classes = {
	};
	objectVersion = 50;
	objects = {

/* Begin PBXBuildFile section */
		27307B651909F62003D2228B /* libPods-FlutterIntegratePods.a in Frameworks */ = {isa = PBXBuildFile; fileRef = 0D7B7E57AA825170CB0057D0 /* libPods-FlutterIntegratePods.a */; };
		EA40A14323BCD2980051E4F3 /* AppDelegate.m in Sources */ = {isa = PBXBuildFile; fileRef = EA40A14223BCD2980051E4F3 /* AppDelegate.m */; };
		EA40A14623BCD2980051E4F3 /* ViewController.m in Sources */ = {isa = PBXBuildFile; fileRef = EA40A14523BCD2980051E4F3 /* ViewController.m */; };
		EA40A14923BCD2980051E4F3 /* Main.storyboard in Resources */ = {isa = PBXBuildFile; fileRef = EA40A14723BCD2980051E4F3 /* Main.storyboard */; };
		EA40A14B23BCD2990051E4F3 /* Assets.xcassets in Resources */ = {isa = PBXBuildFile; fileRef = EA40A14A23BCD2990051E4F3 /* Assets.xcassets */; };
		EA40A14E23BCD2990051E4F3 /* LaunchScreen.storyboard in Resources */ = {isa = PBXBuildFile; fileRef = EA40A14C23BCD2990051E4F3 /* LaunchScreen.storyboard */; };
		EA40A15123BCD2990051E4F3 /* main.m in Sources */ = {isa = PBXBuildFile; fileRef = EA40A15023BCD2990051E4F3 /* main.m */; };
/* End PBXBuildFile section */

/* Begin PBXFileReference section */
		0D7B7E57AA825170CB0057D0 /* libPods-FlutterIntegratePods.a */ = {isa = PBXFileReference; explicitFileType = archive.ar; includeInIndex = 0; path = "libPods-FlutterIntegratePods.a"; sourceTree = BUILT_PRODUCTS_DIR; };
		3DB27DA7DDE9CD20A0D96E41 /* Pods-FlutterIntegratePods.release.xcconfig */ = {isa = PBXFileReference; includeInIndex = 1; lastKnownFileType = text.xcconfig; name = "Pods-FlutterIntegratePods.release.xcconfig"; path = "Target Support Files/Pods-FlutterIntegratePods/Pods-FlutterIntegratePods.release.xcconfig"; sourceTree = "<group>"; };
		EA40A13E23BCD2980051E4F3 /* FlutterIntegratePods.app */ = {isa = PBXFileReference; explicitFileType = wrapper.application; includeInIndex = 0; path = FlutterIntegratePods.app; sourceTree = BUILT_PRODUCTS_DIR; };
		EA40A14123BCD2980051E4F3 /* AppDelegate.h */ = {isa = PBXFileReference; lastKnownFileType = sourcecode.c.h; path = AppDelegate.h; sourceTree = "<group>"; };
		EA40A14223BCD2980051E4F3 /* AppDelegate.m */ = {isa = PBXFileReference; lastKnownFileType = sourcecode.c.objc; path = AppDelegate.m; sourceTree = "<group>"; };
		EA40A14423BCD2980051E4F3 /* ViewController.h */ = {isa = PBXFileReference; lastKnownFileType = sourcecode.c.h; path = ViewController.h; sourceTree = "<group>"; };
		EA40A14523BCD2980051E4F3 /* ViewController.m */ = {isa = PBXFileReference; lastKnownFileType = sourcecode.c.objc; path = ViewController.m; sourceTree = "<group>"; };
		EA40A14823BCD2980051E4F3 /* Base */ = {isa = PBXFileReference; lastKnownFileType = file.storyboard; name = Base; path = Base.lproj/Main.storyboard; sourceTree = "<group>"; };
		EA40A14A23BCD2990051E4F3 /* Assets.xcassets */ = {isa = PBXFileReference; lastKnownFileType = folder.assetcatalog; path = Assets.xcassets; sourceTree = "<group>"; };
		EA40A14D23BCD2990051E4F3 /* Base */ = {isa = PBXFileReference; lastKnownFileType = file.storyboard; name = Base; path = Base.lproj/LaunchScreen.storyboard; sourceTree = "<group>"; };
		EA40A14F23BCD2990051E4F3 /* Info.plist */ = {isa = PBXFileReference; lastKnownFileType = text.plist.xml; path = Info.plist; sourceTree = "<group>"; };
		EA40A15023BCD2990051E4F3 /* main.m */ = {isa = PBXFileReference; lastKnownFileType = sourcecode.c.objc; path = main.m; sourceTree = "<group>"; };
		F62EDE55A18646DD63569FEB /* Pods-FlutterIntegratePods.debug.xcconfig */ = {isa = PBXFileReference; includeInIndex = 1; lastKnownFileType = text.xcconfig; name = "Pods-FlutterIntegratePods.debug.xcconfig"; path = "Target Support Files/Pods-FlutterIntegratePods/Pods-FlutterIntegratePods.debug.xcconfig"; sourceTree = "<group>"; };
/* End PBXFileReference section */

/* Begin PBXFrameworksBuildPhase section */
		EA40A13B23BCD2980051E4F3 /* Frameworks */ = {
			isa = PBXFrameworksBuildPhase;
			buildActionMask = 2147483647;
			files = (
				27307B651909F62003D2228B /* libPods-FlutterIntegratePods.a in Frameworks */,
			);
			runOnlyForDeploymentPostprocessing = 0;
		};
/* End PBXFrameworksBuildPhase section */

/* Begin PBXGroup section */
		8B35EE86AC9A7C804839C201 /* Frameworks */ = {
			isa = PBXGroup;
			children = (
				0D7B7E57AA825170CB0057D0 /* libPods-FlutterIntegratePods.a */,
			);
			name = Frameworks;
			sourceTree = "<group>";
		};
		92EAC5F1B9B08727C6649E7E /* Pods */ = {
			isa = PBXGroup;
			children = (
				F62EDE55A18646DD63569FEB /* Pods-FlutterIntegratePods.debug.xcconfig */,
				3DB27DA7DDE9CD20A0D96E41 /* Pods-FlutterIntegratePods.release.xcconfig */,
			);
			name = Pods;
			path = Pods;
			sourceTree = "<group>";
		};
		EA40A13523BCD2980051E4F3 = {
			isa = PBXGroup;
			children = (
				EA40A14023BCD2980051E4F3 /* FlutterIntegratePods */,
				EA40A13F23BCD2980051E4F3 /* Products */,
				92EAC5F1B9B08727C6649E7E /* Pods */,
				8B35EE86AC9A7C804839C201 /* Frameworks */,
			);
			sourceTree = "<group>";
		};
		EA40A13F23BCD2980051E4F3 /* Products */ = {
			isa = PBXGroup;
			children = (
				EA40A13E23BCD2980051E4F3 /* FlutterIntegratePods.app */,
			);
			name = Products;
			sourceTree = "<group>";
		};
		EA40A14023BCD2980051E4F3 /* FlutterIntegratePods */ = {
			isa = PBXGroup;
			children = (
				EA40A14123BCD2980051E4F3 /* AppDelegate.h */,
				EA40A14223BCD2980051E4F3 /* AppDelegate.m */,
				EA40A14423BCD2980051E4F3 /* ViewController.h */,
				EA40A14523BCD2980051E4F3 /* ViewController.m */,
				EA40A14723BCD2980051E4F3 /* Main.storyboard */,
				EA40A14A23BCD2990051E4F3 /* Assets.xcassets */,
				EA40A14C23BCD2990051E4F3 /* LaunchScreen.storyboard */,
				EA40A14F23BCD2990051E4F3 /* Info.plist */,
				EA40A15023BCD2990051E4F3 /* main.m */,
			);
			path = FlutterIntegratePods;
			sourceTree = "<group>";
		};
/* End PBXGroup section */

/* Begin PBXNativeTarget section */
		EA40A13D23BCD2980051E4F3 /* FlutterIntegratePods */ = {
			isa = PBXNativeTarget;
			buildConfigurationList = EA40A15423BCD2990051E4F3 /* Build configuration list for PBXNativeTarget "FlutterIntegratePods" */;
			buildPhases = (
				C3BB6569D6E17828B187B95A /* [CP] Check Pods Manifest.lock */,
				5EAEA33625DE3575864AA9A6 /* [CP-User] Run Flutter Build Script */,
				EA40A13A23BCD2980051E4F3 /* Sources */,
				EA40A13B23BCD2980051E4F3 /* Frameworks */,
				EA40A13C23BCD2980051E4F3 /* Resources */,
				4C9AEF7B25F4687CCAC1B1B9 /* [CP] Embed Pods Frameworks */,
			);
			buildRules = (
			);
			dependencies = (
			);
			name = FlutterIntegratePods;
			productName = FlutterIntegratePods;
			productReference = EA40A13E23BCD2980051E4F3 /* FlutterIntegratePods.app */;
			productType = "com.apple.product-type.application";
		};
/* End PBXNativeTarget section */

/* Begin PBXProject section */
		EA40A13623BCD2980051E4F3 /* Project object */ = {
			isa = PBXProject;
			attributes = {
				LastUpgradeCheck = 1020;
				ORGANIZATIONNAME = ggl;
				TargetAttributes = {
					EA40A13D23BCD2980051E4F3 = {
						CreatedOnToolsVersion = 10.2;
					};
				};
			};
			buildConfigurationList = EA40A13923BCD2980051E4F3 /* Build configuration list for PBXProject "FlutterIntegratePods" */;
			compatibilityVersion = "Xcode 9.3";
			developmentRegion = en;
			hasScannedForEncodings = 0;
			knownRegions = (
				en,
				Base,
			);
			mainGroup = EA40A13523BCD2980051E4F3;
			productRefGroup = EA40A13F23BCD2980051E4F3 /* Products */;
			projectDirPath = "";
			projectRoot = "";
			targets = (
				EA40A13D23BCD2980051E4F3 /* FlutterIntegratePods */,
			);
		};
/* End PBXProject section */

/* Begin PBXResourcesBuildPhase section */
		EA40A13C23BCD2980051E4F3 /* Resources */ = {
			isa = PBXResourcesBuildPhase;
			buildActionMask = 2147483647;
			files = (
				EA40A14E23BCD2990051E4F3 /* LaunchScreen.storyboard in Resources */,
				EA40A14B23BCD2990051E4F3 /* Assets.xcassets in Resources */,
				EA40A14923BCD2980051E4F3 /* Main.storyboard in Resources */,
			);
			runOnlyForDeploymentPostprocessing = 0;
		};
/* End PBXResourcesBuildPhase section */

/* Begin PBXShellScriptBuildPhase section */
		4C9AEF7B25F4687CCAC1B1B9 /* [CP] Embed Pods Frameworks */ = {
			isa = PBXShellScriptBuildPhase;
			buildActionMask = 2147483647;
			files = (
			);
			inputFileListPaths = (
				"${PODS_ROOT}/Target Support Files/Pods-FlutterIntegratePods/Pods-FlutterIntegratePods-frameworks-${CONFIGURATION}-input-files.xcfilelist",
			);
			name = "[CP] Embed Pods Frameworks";
			outputFileListPaths = (
				"${PODS_ROOT}/Target Support Files/Pods-FlutterIntegratePods/Pods-FlutterIntegratePods-frameworks-${CONFIGURATION}-output-files.xcfilelist",
			);
			runOnlyForDeploymentPostprocessing = 0;
			shellPath = /bin/sh;
			shellScript = "\"${PODS_ROOT}/Target Support Files/Pods-FlutterIntegratePods/Pods-FlutterIntegratePods-frameworks.sh\"\n";
			showEnvVarsInLog = 0;
		};
		5EAEA33625DE3575864AA9A6 /* [CP-User] Run Flutter Build Script */ = {
			isa = PBXShellScriptBuildPhase;
			buildActionMask = 2147483647;
			files = (
			);
			inputPaths = (
				"${SRCROOT}/../flutter_module/.metadata",
				"${SRCROOT}/../flutter_module/.ios/Flutter/App.framework/App",
				"${SRCROOT}/../flutter_module/.ios/Flutter/engine/Flutter.framework/Flutter",
				"${SRCROOT}/../flutter_module/.ios/Flutter/flutter_export_environment.sh",
			);
			name = "[CP-User] Run Flutter Build Script";
			runOnlyForDeploymentPostprocessing = 0;
			shellPath = /bin/sh;
			shellScript = "set -e\nset -u\nsource \"${SRCROOT}/../flutter_module/.ios/Flutter/flutter_export_environment.sh\"\n\"$FLUTTER_ROOT\"/packages/flutter_tools/bin/xcode_backend.sh build";
		};
		C3BB6569D6E17828B187B95A /* [CP] Check Pods Manifest.lock */ = {
			isa = PBXShellScriptBuildPhase;
			buildActionMask = 2147483647;
			files = (
			);
			inputFileListPaths = (
			);
			inputPaths = (
				"${PODS_PODFILE_DIR_PATH}/Podfile.lock",
				"${PODS_ROOT}/Manifest.lock",
			);
			name = "[CP] Check Pods Manifest.lock";
			outputFileListPaths = (
			);
			outputPaths = (
				"$(DERIVED_FILE_DIR)/Pods-FlutterIntegratePods-checkManifestLockResult.txt",
			);
			runOnlyForDeploymentPostprocessing = 0;
			shellPath = /bin/sh;
			shellScript = "diff \"${PODS_PODFILE_DIR_PATH}/Podfile.lock\" \"${PODS_ROOT}/Manifest.lock\" > /dev/null\nif [ $? != 0 ] ; then\n    # print error to STDERR\n    echo \"error: The sandbox is not in sync with the Podfile.lock. Run 'pod install' or update your CocoaPods installation.\" >&2\n    exit 1\nfi\n# This output is used by Xcode 'outputs' to avoid re-running this script phase.\necho \"SUCCESS\" > \"${SCRIPT_OUTPUT_FILE_0}\"\n";
			showEnvVarsInLog = 0;
		};
/* End PBXShellScriptBuildPhase section */

/* Begin PBXSourcesBuildPhase section */
		EA40A13A23BCD2980051E4F3 /* Sources */ = {
			isa = PBXSourcesBuildPhase;
			buildActionMask = 2147483647;
			files = (
				EA40A14623BCD2980051E4F3 /* ViewController.m in Sources */,
				EA40A15123BCD2990051E4F3 /* main.m in Sources */,
				EA40A14323BCD2980051E4F3 /* AppDelegate.m in Sources */,
			);
			runOnlyForDeploymentPostprocessing = 0;
		};
/* End PBXSourcesBuildPhase section */

/* Begin PBXVariantGroup section */
		EA40A14723BCD2980051E4F3 /* Main.storyboard */ = {
			isa = PBXVariantGroup;
			children = (
				EA40A14823BCD2980051E4F3 /* Base */,
			);
			name = Main.storyboard;
			sourceTree = "<group>";
		};
		EA40A14C23BCD2990051E4F3 /* LaunchScreen.storyboard */ = {
			isa = PBXVariantGroup;
			children = (
				EA40A14D23BCD2990051E4F3 /* Base */,
			);
			name = LaunchScreen.storyboard;
			sourceTree = "<group>";
		};
/* End PBXVariantGroup section */

/* Begin XCBuildConfiguration section */
		EA40A15223BCD2990051E4F3 /* Debug */ = {
			isa = XCBuildConfiguration;
			buildSettings = {
				ALWAYS_SEARCH_USER_PATHS = NO;
				CLANG_ANALYZER_NONNULL = YES;
				CLANG_ANALYZER_NUMBER_OBJECT_CONVERSION = YES_AGGRESSIVE;
				CLANG_CXX_LANGUAGE_STANDARD = "gnu++14";
				CLANG_CXX_LIBRARY = "libc++";
				CLANG_ENABLE_MODULES = YES;
				CLANG_ENABLE_OBJC_ARC = YES;
				CLANG_ENABLE_OBJC_WEAK = YES;
				CLANG_WARN_BLOCK_CAPTURE_AUTORELEASING = YES;
				CLANG_WARN_BOOL_CONVERSION = YES;
				CLANG_WARN_COMMA = YES;
				CLANG_WARN_CONSTANT_CONVERSION = YES;
				CLANG_WARN_DEPRECATED_OBJC_IMPLEMENTATIONS = YES;
				CLANG_WARN_DIRECT_OBJC_ISA_USAGE = YES_ERROR;
				CLANG_WARN_DOCUMENTATION_COMMENTS = YES;
				CLANG_WARN_EMPTY_BODY = YES;
				CLANG_WARN_ENUM_CONVERSION = YES;
				CLANG_WARN_INFINITE_RECURSION = YES;
				CLANG_WARN_INT_CONVERSION = YES;
				CLANG_WARN_NON_LITERAL_NULL_CONVERSION = YES;
				CLANG_WARN_OBJC_IMPLICIT_RETAIN_SELF = YES;
				CLANG_WARN_OBJC_LITERAL_CONVERSION = YES;
				CLANG_WARN_OBJC_ROOT_CLASS = YES_ERROR;
				CLANG_WARN_RANGE_LOOP_ANALYSIS = YES;
				CLANG_WARN_STRICT_PROTOTYPES = YES;
				CLANG_WARN_SUSPICIOUS_MOVE = YES;
				CLANG_WARN_UNGUARDED_AVAILABILITY = YES_AGGRESSIVE;
				CLANG_WARN_UNREACHABLE_CODE = YES;
				CLANG_WARN__DUPLICATE_METHOD_MATCH = YES;
				CODE_SIGN_IDENTITY = "iPhone Developer";
				COPY_PHASE_STRIP = NO;
				DEBUG_INFORMATION_FORMAT = dwarf;
				ENABLE_STRICT_OBJC_MSGSEND = YES;
				ENABLE_TESTABILITY = YES;
				GCC_C_LANGUAGE_STANDARD = gnu11;
				GCC_DYNAMIC_NO_PIC = NO;
				GCC_NO_COMMON_BLOCKS = YES;
				GCC_OPTIMIZATION_LEVEL = 0;
				GCC_PREPROCESSOR_DEFINITIONS = (
					"DEBUG=1",
					"$(inherited)",
				);
				GCC_WARN_64_TO_32_BIT_CONVERSION = YES;
				GCC_WARN_ABOUT_RETURN_TYPE = YES_ERROR;
				GCC_WARN_UNDECLARED_SELECTOR = YES;
				GCC_WARN_UNINITIALIZED_AUTOS = YES_AGGRESSIVE;
				GCC_WARN_UNUSED_FUNCTION = YES;
				GCC_WARN_UNUSED_VARIABLE = YES;
				IPHONEOS_DEPLOYMENT_TARGET = 12.2;
				MTL_ENABLE_DEBUG_INFO = INCLUDE_SOURCE;
				MTL_FAST_MATH = YES;
				ONLY_ACTIVE_ARCH = YES;
				SDKROOT = iphoneos;
			};
			name = Debug;
		};
		EA40A15323BCD2990051E4F3 /* Release */ = {
			isa = XCBuildConfiguration;
			buildSettings = {
				ALWAYS_SEARCH_USER_PATHS = NO;
				CLANG_ANALYZER_NONNULL = YES;
				CLANG_ANALYZER_NUMBER_OBJECT_CONVERSION = YES_AGGRESSIVE;
				CLANG_CXX_LANGUAGE_STANDARD = "gnu++14";
				CLANG_CXX_LIBRARY = "libc++";
				CLANG_ENABLE_MODULES = YES;
				CLANG_ENABLE_OBJC_ARC = YES;
				CLANG_ENABLE_OBJC_WEAK = YES;
				CLANG_WARN_BLOCK_CAPTURE_AUTORELEASING = YES;
				CLANG_WARN_BOOL_CONVERSION = YES;
				CLANG_WARN_COMMA = YES;
				CLANG_WARN_CONSTANT_CONVERSION = YES;
				CLANG_WARN_DEPRECATED_OBJC_IMPLEMENTATIONS = YES;
				CLANG_WARN_DIRECT_OBJC_ISA_USAGE = YES_ERROR;
				CLANG_WARN_DOCUMENTATION_COMMENTS = YES;
				CLANG_WARN_EMPTY_BODY = YES;
				CLANG_WARN_ENUM_CONVERSION = YES;
				CLANG_WARN_INFINITE_RECURSION = YES;
				CLANG_WARN_INT_CONVERSION = YES;
				CLANG_WARN_NON_LITERAL_NULL_CONVERSION = YES;
				CLANG_WARN_OBJC_IMPLICIT_RETAIN_SELF = YES;
				CLANG_WARN_OBJC_LITERAL_CONVERSION = YES;
				CLANG_WARN_OBJC_ROOT_CLASS = YES_ERROR;
				CLANG_WARN_RANGE_LOOP_ANALYSIS = YES;
				CLANG_WARN_STRICT_PROTOTYPES = YES;
				CLANG_WARN_SUSPICIOUS_MOVE = YES;
				CLANG_WARN_UNGUARDED_AVAILABILITY = YES_AGGRESSIVE;
				CLANG_WARN_UNREACHABLE_CODE = YES;
				CLANG_WARN__DUPLICATE_METHOD_MATCH = YES;
				CODE_SIGN_IDENTITY = "iPhone Developer";
				COPY_PHASE_STRIP = NO;
				DEBUG_INFORMATION_FORMAT = "dwarf-with-dsym";
				ENABLE_NS_ASSERTIONS = NO;
				ENABLE_STRICT_OBJC_MSGSEND = YES;
				GCC_C_LANGUAGE_STANDARD = gnu11;
				GCC_NO_COMMON_BLOCKS = YES;
				GCC_WARN_64_TO_32_BIT_CONVERSION = YES;
				GCC_WARN_ABOUT_RETURN_TYPE = YES_ERROR;
				GCC_WARN_UNDECLARED_SELECTOR = YES;
				GCC_WARN_UNINITIALIZED_AUTOS = YES_AGGRESSIVE;
				GCC_WARN_UNUSED_FUNCTION = YES;
				GCC_WARN_UNUSED_VARIABLE = YES;
				IPHONEOS_DEPLOYMENT_TARGET = 12.2;
				MTL_ENABLE_DEBUG_INFO = NO;
				MTL_FAST_MATH = YES;
				SDKROOT = iphoneos;
				VALIDATE_PRODUCT = YES;
			};
			name = Release;
		};
		EA40A15523BCD2990051E4F3 /* Debug */ = {
			isa = XCBuildConfiguration;
			baseConfigurationReference = F62EDE55A18646DD63569FEB /* Pods-FlutterIntegratePods.debug.xcconfig */;
			buildSettings = {
				ASSETCATALOG_COMPILER_APPICON_NAME = AppIcon;
				CODE_SIGN_STYLE = Automatic;
				INFOPLIST_FILE = FlutterIntegratePods/Info.plist;
				IPHONEOS_DEPLOYMENT_TARGET = 8.0;
				LD_RUNPATH_SEARCH_PATHS = (
					"$(inherited)",
					"@executable_path/Frameworks",
				);
				PRODUCT_BUNDLE_IDENTIFIER = com.ggl.FlutterIntegratePods;
				PRODUCT_NAME = "$(TARGET_NAME)";
				TARGETED_DEVICE_FAMILY = "1,2";
			};
			name = Debug;
		};
		EA40A15623BCD2990051E4F3 /* Release */ = {
			isa = XCBuildConfiguration;
			baseConfigurationReference = 3DB27DA7DDE9CD20A0D96E41 /* Pods-FlutterIntegratePods.release.xcconfig */;
			buildSettings = {
				ASSETCATALOG_COMPILER_APPICON_NAME = AppIcon;
				CODE_SIGN_STYLE = Automatic;
				INFOPLIST_FILE = FlutterIntegratePods/Info.plist;
				IPHONEOS_DEPLOYMENT_TARGET = 8.0;
				LD_RUNPATH_SEARCH_PATHS = (
					"$(inherited)",
					"@executable_path/Frameworks",
				);
				PRODUCT_BUNDLE_IDENTIFIER = com.ggl.FlutterIntegratePods;
				PRODUCT_NAME = "$(TARGET_NAME)";
				TARGETED_DEVICE_FAMILY = "1,2";
			};
			name = Release;
		};
/* End XCBuildConfiguration section */

/* Begin XCConfigurationList section */
		EA40A13923BCD2980051E4F3 /* Build configuration list for PBXProject "FlutterIntegratePods" */ = {
			isa = XCConfigurationList;
			buildConfigurations = (
				EA40A15223BCD2990051E4F3 /* Debug */,
				EA40A15323BCD2990051E4F3 /* Release */,
			);
			defaultConfigurationIsVisible = 0;
			defaultConfigurationName = Release;
		};
		EA40A15423BCD2990051E4F3 /* Build configuration list for PBXNativeTarget "FlutterIntegratePods" */ = {
			isa = XCConfigurationList;
			buildConfigurations = (
				EA40A15523BCD2990051E4F3 /* Debug */,
				EA40A15623BCD2990051E4F3 /* Release */,
			);
			defaultConfigurationIsVisible = 0;
			defaultConfigurationName = Release;
		};
/* End XCConfigurationList section */
	};
	rootObject = EA40A13623BCD2980051E4F3 /* Project object */;
}
